
Microsoft Visual Studio Solution File, Format Version 12.00
# Visual Studio 2012
Project("{FAE04EC0-301F-11D3-BF4B-00C04F79EFBC}") = "CodeCamp.Core.Tests", "CodeCamp.Core\tests\CodeCamp.Core.Tests\CodeCamp.Core.Tests.csproj", "{0E8A3BCE-E608-4321-936F-0DB27D539130}"
EndProject
Project("{FAE04EC0-301F-11D3-BF4B-00C04F79EFBC}") = "CodeCamp.Core", "CodeCamp.Core\src\CodeCamp.Core\CodeCamp.Core.csproj", "{5CC09BE4-AB6C-476D-9A9F-96A3B452C1C4}"
EndProject
Global
	GlobalSection(SolutionConfigurationPlatforms) = preSolution
		Ad-Hoc|Any CPU = Ad-Hoc|Any CPU
		Ad-Hoc|iPhone = Ad-Hoc|iPhone
		Ad-Hoc|iPhoneSimulator = Ad-Hoc|iPhoneSimulator
		AppStore|Any CPU = AppStore|Any CPU
		AppStore|iPhone = AppStore|iPhone
		AppStore|iPhoneSimulator = AppStore|iPhoneSimulator
		Debug|Any CPU = Debug|Any CPU
		Debug|iPhone = Debug|iPhone
		Debug|iPhoneSimulator = Debug|iPhoneSimulator
		Release|Any CPU = Release|Any CPU
		Release|iPhone = Release|iPhone
		Release|iPhoneSimulator = Release|iPhoneSimulator
	EndGlobalSection
	GlobalSection(ProjectConfigurationPlatforms) = postSolution
		{0E8A3BCE-E608-4321-936F-0DB27D539130}.Ad-Hoc|Any CPU.ActiveCfg = Release|Any CPU
		{0E8A3BCE-E608-4321-936F-0DB27D539130}.Ad-Hoc|Any CPU.Build.0 = Release|Any CPU
		{0E8A3BCE-E608-4321-936F-0DB27D539130}.Ad-Hoc|iPhone.ActiveCfg = Debug|Any CPU
		{0E8A3BCE-E608-4321-936F-0DB27D539130}.Ad-Hoc|iPhone.Build.0 = Debug|Any CPU
		{0E8A3BCE-E608-4321-936F-0DB27D539130}.Ad-Hoc|iPhoneSimulator.ActiveCfg = Release|Any CPU
		{0E8A3BCE-E608-4321-936F-0DB27D539130}.AppStore|Any CPU.ActiveCfg = Release|Any CPU
		{0E8A3BCE-E608-4321-936F-0DB27D539130}.AppStore|Any CPU.Build.0 = Release|Any CPU
		{0E8A3BCE-E608-4321-936F-0DB27D539130}.AppStore|iPhone.ActiveCfg = Debug|Any CPU
		{0E8A3BCE-E608-4321-936F-0DB27D539130}.AppStore|iPhone.Build.0 = Debug|Any CPU
		{0E8A3BCE-E608-4321-936F-0DB27D539130}.AppStore|iPhoneSimulator.ActiveCfg = Release|Any CPU
		{0E8A3BCE-E608-4321-936F-0DB27D539130}.Debug|Any CPU.ActiveCfg = Debug|Any CPU
		{0E8A3BCE-E608-4321-936F-0DB27D539130}.Debug|Any CPU.Build.0 = Debug|Any CPU
		{0E8A3BCE-E608-4321-936F-0DB27D539130}.Debug|iPhone.ActiveCfg = Debug|Any CPU
		{0E8A3BCE-E608-4321-936F-0DB27D539130}.Debug|iPhone.Build.0 = Debug|Any CPU
		{0E8A3BCE-E608-4321-936F-0DB27D539130}.Debug|iPhoneSimulator.ActiveCfg = Debug|Any CPU
		{0E8A3BCE-E608-4321-936F-0DB27D539130}.Debug|iPhoneSimulator.Build.0 = Debug|Any CPU
		{0E8A3BCE-E608-4321-936F-0DB27D539130}.Release|Any CPU.ActiveCfg = Release|Any CPU
		{0E8A3BCE-E608-4321-936F-0DB27D539130}.Release|Any CPU.Build.0 = Release|Any CPU
		{0E8A3BCE-E608-4321-936F-0DB27D539130}.Release|iPhone.ActiveCfg = Release|Any CPU
		{0E8A3BCE-E608-4321-936F-0DB27D539130}.Release|iPhone.Build.0 = Release|Any CPU
		{0E8A3BCE-E608-4321-936F-0DB27D539130}.Release|iPhoneSimulator.ActiveCfg = Release|Any CPU
		{0E8A3BCE-E608-4321-936F-0DB27D539130}.Release|iPhoneSimulator.Build.0 = Release|Any CPU
		{5CC09BE4-AB6C-476D-9A9F-96A3B452C1C4}.Ad-Hoc|Any CPU.ActiveCfg = Release|Any CPU
		{5CC09BE4-AB6C-476D-9A9F-96A3B452C1C4}.Ad-Hoc|Any CPU.Build.0 = Release|Any CPU
		{5CC09BE4-AB6C-476D-9A9F-96A3B452C1C4}.Ad-Hoc|iPhone.ActiveCfg = Debug|Any CPU
		{5CC09BE4-AB6C-476D-9A9F-96A3B452C1C4}.Ad-Hoc|iPhone.Build.0 = Debug|Any CPU
		{5CC09BE4-AB6C-476D-9A9F-96A3B452C1C4}.Ad-Hoc|iPhoneSimulator.ActiveCfg = Release|Any CPU
		{5CC09BE4-AB6C-476D-9A9F-96A3B452C1C4}.AppStore|Any CPU.ActiveCfg = Release|Any CPU
		{5CC09BE4-AB6C-476D-9A9F-96A3B452C1C4}.AppStore|Any CPU.Build.0 = Release|Any CPU
		{5CC09BE4-AB6C-476D-9A9F-96A3B452C1C4}.AppStore|iPhone.ActiveCfg = Debug|Any CPU
		{5CC09BE4-AB6C-476D-9A9F-96A3B452C1C4}.AppStore|iPhone.Build.0 = Debug|Any CPU
		{5CC09BE4-AB6C-476D-9A9F-96A3B452C1C4}.AppStore|iPhoneSimulator.ActiveCfg = Release|Any CPU
		{5CC09BE4-AB6C-476D-9A9F-96A3B452C1C4}.Debug|Any CPU.ActiveCfg = Debug|Any CPU
		{5CC09BE4-AB6C-476D-9A9F-96A3B452C1C4}.Debug|Any CPU.Build.0 = Debug|Any CPU
		{5CC09BE4-AB6C-476D-9A9F-96A3B452C1C4}.Debug|iPhone.ActiveCfg = Debug|Any CPU
		{5CC09BE4-AB6C-476D-9A9F-96A3B452C1C4}.Debug|iPhone.Build.0 = Debug|Any CPU
		{5CC09BE4-AB6C-476D-9A9F-96A3B452C1C4}.Debug|iPhoneSimulator.ActiveCfg = Debug|Any CPU
		{5CC09BE4-AB6C-476D-9A9F-96A3B452C1C4}.Debug|iPhoneSimulator.Build.0 = Debug|Any CPU
		{5CC09BE4-AB6C-476D-9A9F-96A3B452C1C4}.Release|Any CPU.ActiveCfg = Release|Any CPU
		{5CC09BE4-AB6C-476D-9A9F-96A3B452C1C4}.Release|Any CPU.Build.0 = Release|Any CPU
		{5CC09BE4-AB6C-476D-9A9F-96A3B452C1C4}.Release|iPhone.ActiveCfg = Release|Any CPU
		{5CC09BE4-AB6C-476D-9A9F-96A3B452C1C4}.Release|iPhone.Build.0 = Release|Any CPU
		{5CC09BE4-AB6C-476D-9A9F-96A3B452C1C4}.Release|iPhoneSimulator.ActiveCfg = Release|Any CPU
		{5CC09BE4-AB6C-476D-9A9F-96A3B452C1C4}.Release|iPhoneSimulator.Build.0 = Release|Any CPU
	EndGlobalSection
	GlobalSection(SolutionProperties) = preSolution
		HideSolutionNode = FALSE
	EndGlobalSection
	GlobalSection(MonoDevelopProperties) = preSolution
		StartupItem = Apps\CodeCamp.App.iOS\CodeCamp.App.iOS.csproj
	EndGlobalSection
EndGlobal
