
Microsoft Visual Studio Solution File, Format Version 12.00
# Visual Studio 2012
Project("{2150E333-8FDC-42A3-9474-1A3956D46DE8}") = ".NET", ".NET", "{10840194-A92B-4736-B4C1-1A6539C54231}"
EndProject
Project("{FAE04EC0-301F-11D3-BF4B-00C04F79EFBC}") = "CodeCamp.Core.Tests", "CodeCamp.Core\tests\CodeCamp.Core.Tests\CodeCamp.Core.Tests.csproj", "{0E8A3BCE-E608-4321-936F-0DB27D539130}"
EndProject
Project("{FAE04EC0-301F-11D3-BF4B-00C04F79EFBC}") = "CodeCamp.Core", "CodeCamp.Core\src\CodeCamp.Core\CodeCamp.Core.csproj", "{5CC09BE4-AB6C-476D-9A9F-96A3B452C1C4}"
EndProject
Project("{2150E333-8FDC-42A3-9474-1A3956D46DE8}") = "Android", "Android", "{8738F33E-4D32-47E6-9991-CE6993183072}"
EndProject
Project("{FAE04EC0-301F-11D3-BF4B-00C04F79EFBC}") = "CodeCamp.Core.Droid", "CodeCamp.Core\src\CodeCamp.Core.Droid\CodeCamp.Core.Droid.csproj", "{BE5392EE-DC1C-4BA3-BECD-6629533702BF}"
EndProject
Project("{FAE04EC0-301F-11D3-BF4B-00C04F79EFBC}") = "CodeCamp.App.Droid", "Apps\CodeCamp.App.Droid\CodeCamp.App.Droid.csproj", "{57F596B7-C3C8-432F-BC7F-77C8D2C62F2F}"
EndProject
Project("{FAE04EC0-301F-11D3-BF4B-00C04F79EFBC}") = "LegacyBar.Library", "external\LegacyBar\LegacyBar.Library\LegacyBar.Library.csproj", "{371657B5-2C38-4D23-B7C1-6C053EB55FB8}"
EndProject
Project("{FAE04EC0-301F-11D3-BF4B-00C04F79EFBC}") = "SlidingMenuSharp", "external\SlidingMenuSharp\SlidingMenuSharp\SlidingMenuSharp.csproj", "{555937D8-1533-4D19-A346-55C192C35A5D}"
EndProject
Global
	GlobalSection(SolutionConfigurationPlatforms) = preSolution
		Debug|Any CPU = Debug|Any CPU
		Release|Any CPU = Release|Any CPU
	EndGlobalSection
	GlobalSection(ProjectConfigurationPlatforms) = postSolution
		{0E8A3BCE-E608-4321-936F-0DB27D539130}.Debug|Any CPU.ActiveCfg = Debug|Any CPU
		{0E8A3BCE-E608-4321-936F-0DB27D539130}.Debug|Any CPU.Build.0 = Debug|Any CPU
		{0E8A3BCE-E608-4321-936F-0DB27D539130}.Release|Any CPU.ActiveCfg = Release|Any CPU
		{0E8A3BCE-E608-4321-936F-0DB27D539130}.Release|Any CPU.Build.0 = Release|Any CPU
		{5CC09BE4-AB6C-476D-9A9F-96A3B452C1C4}.Debug|Any CPU.ActiveCfg = Debug|Any CPU
		{5CC09BE4-AB6C-476D-9A9F-96A3B452C1C4}.Debug|Any CPU.Build.0 = Debug|Any CPU
		{5CC09BE4-AB6C-476D-9A9F-96A3B452C1C4}.Release|Any CPU.ActiveCfg = Release|Any CPU
		{5CC09BE4-AB6C-476D-9A9F-96A3B452C1C4}.Release|Any CPU.Build.0 = Release|Any CPU
		{BE5392EE-DC1C-4BA3-BECD-6629533702BF}.Debug|Any CPU.ActiveCfg = Debug|Any CPU
		{BE5392EE-DC1C-4BA3-BECD-6629533702BF}.Debug|Any CPU.Build.0 = Debug|Any CPU
		{BE5392EE-DC1C-4BA3-BECD-6629533702BF}.Release|Any CPU.ActiveCfg = Release|Any CPU
		{BE5392EE-DC1C-4BA3-BECD-6629533702BF}.Release|Any CPU.Build.0 = Release|Any CPU
		{57F596B7-C3C8-432F-BC7F-77C8D2C62F2F}.Debug|Any CPU.ActiveCfg = Debug|Any CPU
		{57F596B7-C3C8-432F-BC7F-77C8D2C62F2F}.Debug|Any CPU.Build.0 = Debug|Any CPU
		{57F596B7-C3C8-432F-BC7F-77C8D2C62F2F}.Debug|Any CPU.Deploy.0 = Debug|Any CPU
		{57F596B7-C3C8-432F-BC7F-77C8D2C62F2F}.Release|Any CPU.ActiveCfg = Release|Any CPU
		{57F596B7-C3C8-432F-BC7F-77C8D2C62F2F}.Release|Any CPU.Build.0 = Release|Any CPU
		{57F596B7-C3C8-432F-BC7F-77C8D2C62F2F}.Release|Any CPU.Deploy.0 = Release|Any CPU
		{371657B5-2C38-4D23-B7C1-6C053EB55FB8}.Debug|Any CPU.ActiveCfg = Debug|Any CPU
		{371657B5-2C38-4D23-B7C1-6C053EB55FB8}.Debug|Any CPU.Build.0 = Debug|Any CPU
		{371657B5-2C38-4D23-B7C1-6C053EB55FB8}.Release|Any CPU.ActiveCfg = Release|Any CPU
		{371657B5-2C38-4D23-B7C1-6C053EB55FB8}.Release|Any CPU.Build.0 = Release|Any CPU
		{555937D8-1533-4D19-A346-55C192C35A5D}.Debug|Any CPU.ActiveCfg = Debug|Any CPU
		{555937D8-1533-4D19-A346-55C192C35A5D}.Debug|Any CPU.Build.0 = Debug|Any CPU
		{555937D8-1533-4D19-A346-55C192C35A5D}.Release|Any CPU.ActiveCfg = Release|Any CPU
		{555937D8-1533-4D19-A346-55C192C35A5D}.Release|Any CPU.Build.0 = Release|Any CPU
	EndGlobalSection
	GlobalSection(SolutionProperties) = preSolution
		HideSolutionNode = FALSE
	EndGlobalSection
	GlobalSection(NestedProjects) = preSolution
		{0E8A3BCE-E608-4321-936F-0DB27D539130} = {10840194-A92B-4736-B4C1-1A6539C54231}
		{5CC09BE4-AB6C-476D-9A9F-96A3B452C1C4} = {10840194-A92B-4736-B4C1-1A6539C54231}
		{BE5392EE-DC1C-4BA3-BECD-6629533702BF} = {8738F33E-4D32-47E6-9991-CE6993183072}
		{57F596B7-C3C8-432F-BC7F-77C8D2C62F2F} = {8738F33E-4D32-47E6-9991-CE6993183072}
		{371657B5-2C38-4D23-B7C1-6C053EB55FB8} = {8738F33E-4D32-47E6-9991-CE6993183072}
		{555937D8-1533-4D19-A346-55C192C35A5D} = {8738F33E-4D32-47E6-9991-CE6993183072}
	EndGlobalSection
EndGlobal
