
Microsoft Visual Studio Solution File, Format Version 12.00
# Visual Studio 2012
Project("{FAE04EC0-301F-11D3-BF4B-00C04F79EFBC}") = "CodeCamp.Core", "CodeCamp.Core\src\CodeCamp.Core\CodeCamp.Core.csproj", "{5CC09BE4-AB6C-476D-9A9F-96A3B452C1C4}"
EndProject
Project("{FAE04EC0-301F-11D3-BF4B-00C04F79EFBC}") = "CodeCamp.Core.Tests", "CodeCamp.Core\tests\CodeCamp.Core.Tests\CodeCamp.Core.Tests.csproj", "{0E8A3BCE-E608-4321-936F-0DB27D539130}"
EndProject
Global
	GlobalSection(SolutionConfigurationPlatforms) = preSolution
		Debug|Any CPU = Debug|Any CPU
		Release|Any CPU = Release|Any CPU
	EndGlobalSection
	GlobalSection(ProjectConfigurationPlatforms) = postSolution
		{5CC09BE4-AB6C-476D-9A9F-96A3B452C1C4}.Debug|Any CPU.ActiveCfg = Debug|Any CPU
		{5CC09BE4-AB6C-476D-9A9F-96A3B452C1C4}.Debug|Any CPU.Build.0 = Debug|Any CPU
		{5CC09BE4-AB6C-476D-9A9F-96A3B452C1C4}.Release|Any CPU.ActiveCfg = Release|Any CPU
		{5CC09BE4-AB6C-476D-9A9F-96A3B452C1C4}.Release|Any CPU.Build.0 = Release|Any CPU
		{0E8A3BCE-E608-4321-936F-0DB27D539130}.Debug|Any CPU.ActiveCfg = Debug|Any CPU
		{0E8A3BCE-E608-4321-936F-0DB27D539130}.Debug|Any CPU.Build.0 = Debug|Any CPU
		{0E8A3BCE-E608-4321-936F-0DB27D539130}.Release|Any CPU.ActiveCfg = Release|Any CPU
		{0E8A3BCE-E608-4321-936F-0DB27D539130}.Release|Any CPU.Build.0 = Release|Any CPU
	EndGlobalSection
	GlobalSection(SolutionProperties) = preSolution
		HideSolutionNode = FALSE
	EndGlobalSection
EndGlobal
